
Microsoft Visual Studio Solution File, Format Version 12.00
Project("{FAE04EC0-301F-11D3-BF4B-00C04F79EFBC}") = "risburner", "risburner\risburner.csproj", "{DCE7489B-034B-4078-B9FD-7841B1E51613}"
EndProject
Global
	GlobalSection(SolutionConfigurationPlatforms) = preSolution
		Debug|Any CPU = Debug|Any CPU
		Release|Any CPU = Release|Any CPU
	EndGlobalSection
	GlobalSection(ProjectConfigurationPlatforms) = postSolution
		{DCE7489B-034B-4078-B9FD-7841B1E51613}.Debug|Any CPU.ActiveCfg = Debug|Any CPU
		{DCE7489B-034B-4078-B9FD-7841B1E51613}.Debug|Any CPU.Build.0 = Debug|Any CPU
		{DCE7489B-034B-4078-B9FD-7841B1E51613}.Release|Any CPU.ActiveCfg = Release|Any CPU
		{DCE7489B-034B-4078-B9FD-7841B1E51613}.Release|Any CPU.Build.0 = Release|Any CPU
	EndGlobalSection
EndGlobal
